{
  "name": "4",
  "version": "1.0.0",
  "lockfileVersion": 3,
  "requires": true,
  "packages": {
    "": {
      "name": "4",
      "version": "1.0.0",
      "workspaces": [
        "./packages/*"
      ]
    },
    "node_modules/1": {
      "resolved": "packages/stuff",
      "link": true
    },
    "node_modules/aaa": {
      "resolved": "packages/aaa",
      "link": true
    },
    "node_modules/bbb": {
      "version": "1.0.0",
      "license": "ISC"
    },
    "packages/aaa": {
      "version": "1.0.0",
      "license": "ISC"
    },
    "packages/stuff": {
      "name": "1",
      "version": "1.0.0",
      "dependencies": {
        "aaa": "^1.0.0",
        "bbb": "^1.0.0"
      }
    }
  }
}
