{
  "name": "2",
  "version": "1.0.0",
  "lockfileVersion": 3,
  "requires": true,
  "packages": {
    "": {
      "name": "2",
      "version": "1.0.0",
      "license": "ISC",
      "dependencies": {
        "aaa": "file:./deps/aaa",
        "bbb": "file:./deps/bbb",
        "good_dep": "file:./deps/good_dep"
      },
      "devDependencies": {},
      "engines": {
        "npm": "10.6.0"
      }
    },
    "deps/aaa": {
      "version": "1.0.0",
      "license": "ISC",
      "bin": {
        "aaa": "example.js"
      }
    },
    "deps/bbb": {
      "version": "1.0.0",
      "license": "ISC",
      "dependencies": {
        "evil_dep": "file:../evil_dep"
      },
      "devDependencies": {}
    },
    "deps/evil_dep": {
      "version": "1.0.0",
      "hasInstallScript": true,
      "license": "ISC"
    },
    "deps/good_dep": {
      "version": "1.0.0",
      "hasInstallScript": true,
      "license": "ISC",
      "bin": {
        "good": "index.js"
      }
    },
    "node_modules/aaa": {
      "resolved": "deps/aaa",
      "link": true
    },
    "node_modules/bbb": {
      "resolved": "deps/bbb",
      "link": true
    },
    "node_modules/evil_dep": {
      "resolved": "deps/evil_dep",
      "link": true
    },
    "node_modules/good_dep": {
      "resolved": "deps/good_dep",
      "link": true
    }
  }
}
