# THIS IS AN AUTOGENERATED FILE. DO NOT EDIT THIS FILE DIRECTLY.
# yarn lockfile v1


"aaa@file:./deps/aaa":
  version "1.0.0"

"bbb@file:./deps/bbb":
  version "1.0.0"
  dependencies:
    evil_dep "file:../../../../../../../../.cache/yarn/v6/npm-bbb-1.0.0-c4c66c3f-21cb-4651-8a60-9e6abbfbf0f2-1714450800371/node_modules/evil_dep"

"evil_dep@file:deps/evil_dep":
  version "1.0.0"

"good_dep@file:./deps/good_dep":
  version "1.0.0"
